
Microsoft Visual Studio Solution File, Format Version 12.00
# Visual Studio Version 17
VisualStudioVersion = 17.12.35506.116 d17.12
MinimumVisualStudioVersion = 10.0.40219.1
Project("{FAE04EC0-301F-11D3-BF4B-00C04F79EFBC}") = "group_01", "group_01.csproj", "{BC566A79-8E86-4780-AAF8-C415D3490713}"
EndProject
Global
	GlobalSection(SolutionConfigurationPlatforms) = preSolution
		Debug|Any CPU = Debug|Any CPU
		Release|Any CPU = Release|Any CPU
	EndGlobalSection
	GlobalSection(ProjectConfigurationPlatforms) = postSolution
		{BC566A79-8E86-4780-AAF8-C415D3490713}.Debug|Any CPU.ActiveCfg = Debug|Any CPU
		{BC566A79-8E86-4780-AAF8-C415D3490713}.Debug|Any CPU.Build.0 = Debug|Any CPU
		{BC566A79-8E86-4780-AAF8-C415D3490713}.Release|Any CPU.ActiveCfg = Release|Any CPU
		{BC566A79-8E86-4780-AAF8-C415D3490713}.Release|Any CPU.Build.0 = Release|Any CPU
	EndGlobalSection
	GlobalSection(SolutionProperties) = preSolution
		HideSolutionNode = FALSE
	EndGlobalSection
EndGlobal
